
Microsoft Visual Studio Solution File, Format Version 12.00
# Visual Studio Version 17
VisualStudioVersion = 17.12.35506.116 d17.12
MinimumVisualStudioVersion = 10.0.40219.1
Project("{FAE04EC0-301F-11D3-BF4B-00C04F79EFBC}") = "DemoApi", "DemoApi\DemoApi.csproj", "{C4EF0733-1403-41BE-81AB-EC69501025DD}"
EndProject
Global
	GlobalSection(SolutionConfigurationPlatforms) = preSolution
		Debug|Any CPU = Debug|Any CPU
		Release|Any CPU = Release|Any CPU
	EndGlobalSection
	GlobalSection(ProjectConfigurationPlatforms) = postSolution
		{C4EF0733-1403-41BE-81AB-EC69501025DD}.Debug|Any CPU.ActiveCfg = Release|Any CPU
		{C4EF0733-1403-41BE-81AB-EC69501025DD}.Debug|Any CPU.Build.0 = Release|Any CPU
		{C4EF0733-1403-41BE-81AB-EC69501025DD}.Release|Any CPU.ActiveCfg = Release|Any CPU
		{C4EF0733-1403-41BE-81AB-EC69501025DD}.Release|Any CPU.Build.0 = Release|Any CPU
	EndGlobalSection
	GlobalSection(SolutionProperties) = preSolution
		HideSolutionNode = FALSE
	EndGlobalSection
	GlobalSection(ExtensibilityGlobals) = postSolution
		SolutionGuid = {448DD5D3-BF30-49E8-AF9E-61F83830745D}
	EndGlobalSection
EndGlobal
